// !$*UTF8*$!
{
	archiveVersion = 1;
	classes = {
	};
	objectVersion = 50;
	objects = {

/* Begin PBXBuildFile section */
		CEE1A1922151E42A00D23A9A /* AppDelegate.swift in Sources */ = {isa = PBXBuildFile; fileRef = CEE1A1912151E42A00D23A9A /* AppDelegate.swift */; };
		CEE1A1942151E42A00D23A9A /* ViewController.swift in Sources */ = {isa = PBXBuildFile; fileRef = CEE1A1932151E42A00D23A9A /* ViewController.swift */; };
		CEE1A1972151E42A00D23A9A /* Main.storyboard in Resources */ = {isa = PBXBuildFile; fileRef = CEE1A1952151E42A00D23A9A /* Main.storyboard */; };
		CEE1A1992151E42E00D23A9A /* Assets.xcassets in Resources */ = {isa = PBXBuildFile; fileRef = CEE1A1982151E42E00D23A9A /* Assets.xcassets */; };
		CEE1A19C2151E42E00D23A9A /* LaunchScreen.storyboard in Resources */ = {isa = PBXBuildFile; fileRef = CEE1A19A2151E42E00D23A9A /* LaunchScreen.storyboard */; };
		CEE1A1A42151E4C500D23A9A /* Item.swift in Sources */ = {isa = PBXBuildFile; fileRef = CEE1A1A32151E4C500D23A9A /* Item.swift */; };
		CEE1A1A62151E56300D23A9A /* TableViewController.swift in Sources */ = {isa = PBXBuildFile; fileRef = CEE1A1A52151E56300D23A9A /* TableViewController.swift */; };
/* End PBXBuildFile section */

/* Begin PBXFileReference section */
		CEE1A18E2151E42A00D23A9A /* NavigationControllerQuestion.app */ = {isa = PBXFileReference; explicitFileType = wrapper.application; includeInIndex = 0; path = NavigationControllerQuestion.app; sourceTree = BUILT_PRODUCTS_DIR; };
		CEE1A1912151E42A00D23A9A /* AppDelegate.swift */ = {isa = PBXFileReference; lastKnownFileType = sourcecode.swift; path = AppDelegate.swift; sourceTree = "<group>"; };
		CEE1A1932151E42A00D23A9A /* ViewController.swift */ = {isa = PBXFileReference; lastKnownFileType = sourcecode.swift; path = ViewController.swift; sourceTree = "<group>"; };
		CEE1A1962151E42A00D23A9A /* Base */ = {isa = PBXFileReference; lastKnownFileType = file.storyboard; name = Base; path = Base.lproj/Main.storyboard; sourceTree = "<group>"; };
		CEE1A1982151E42E00D23A9A /* Assets.xcassets */ = {isa = PBXFileReference; lastKnownFileType = folder.assetcatalog; path = Assets.xcassets; sourceTree = "<group>"; };
		CEE1A19B2151E42E00D23A9A /* Base */ = {isa = PBXFileReference; lastKnownFileType = file.storyboard; name = Base; path = Base.lproj/LaunchScreen.storyboard; sourceTree = "<group>"; };
		CEE1A19D2151E42E00D23A9A /* Info.plist */ = {isa = PBXFileReference; lastKnownFileType = text.plist.xml; path = Info.plist; sourceTree = "<group>"; };
		CEE1A1A32151E4C500D23A9A /* Item.swift */ = {isa = PBXFileReference; fileEncoding = 4; lastKnownFileType = sourcecode.swift; path = Item.swift; sourceTree = "<group>"; };
		CEE1A1A52151E56300D23A9A /* TableViewController.swift */ = {isa = PBXFileReference; lastKnownFileType = sourcecode.swift; path = TableViewController.swift; sourceTree = "<group>"; };
/* End PBXFileReference section */

/* Begin PBXFrameworksBuildPhase section */
		CEE1A18B2151E42A00D23A9A /* Frameworks */ = {
			isa = PBXFrameworksBuildPhase;
			buildActionMask = 2147483647;
			files = (
			);
			runOnlyForDeploymentPostprocessing = 0;
		};
/* End PBXFrameworksBuildPhase section */

/* Begin PBXGroup section */
		CEE1A1852151E42A00D23A9A = {
			isa = PBXGroup;
			children = (
				CEE1A1902151E42A00D23A9A /* NavigationControllerQuestion */,
				CEE1A18F2151E42A00D23A9A /* Products */,
			);
			sourceTree = "<group>";
		};
		CEE1A18F2151E42A00D23A9A /* Products */ = {
			isa = PBXGroup;
			children = (
				CEE1A18E2151E42A00D23A9A /* NavigationControllerQuestion.app */,
			);
			name = Products;
			sourceTree = "<group>";
		};
		CEE1A1902151E42A00D23A9A /* NavigationControllerQuestion */ = {
			isa = PBXGroup;
			children = (
				CEE1A1912151E42A00D23A9A /* AppDelegate.swift */,
				CEE1A1932151E42A00D23A9A /* ViewController.swift */,
				CEE1A1A52151E56300D23A9A /* TableViewController.swift */,
				CEE1A1952151E42A00D23A9A /* Main.storyboard */,
				CEE1A1982151E42E00D23A9A /* Assets.xcassets */,
				CEE1A19A2151E42E00D23A9A /* LaunchScreen.storyboard */,
				CEE1A19D2151E42E00D23A9A /* Info.plist */,
				CEE1A1A32151E4C500D23A9A /* Item.swift */,
			);
			path = NavigationControllerQuestion;
			sourceTree = "<group>";
		};
/* End PBXGroup section */

/* Begin PBXNativeTarget section */
		CEE1A18D2151E42A00D23A9A /* NavigationControllerQuestion */ = {
			isa = PBXNativeTarget;
			buildConfigurationList = CEE1A1A02151E42E00D23A9A /* Build configuration list for PBXNativeTarget "NavigationControllerQuestion" */;
			buildPhases = (
				CEE1A18A2151E42A00D23A9A /* Sources */,
				CEE1A18B2151E42A00D23A9A /* Frameworks */,
				CEE1A18C2151E42A00D23A9A /* Resources */,
			);
			buildRules = (
			);
			dependencies = (
			);
			name = NavigationControllerQuestion;
			productName = NavigationControllerQuestion;
			productReference = CEE1A18E2151E42A00D23A9A /* NavigationControllerQuestion.app */;
			productType = "com.apple.product-type.application";
		};
/* End PBXNativeTarget section */

/* Begin PBXProject section */
		CEE1A1862151E42A00D23A9A /* Project object */ = {
			isa = PBXProject;
			attributes = {
				LastSwiftUpdateCheck = 0940;
				LastUpgradeCheck = 0940;
				ORGANIZATIONNAME = user;
				TargetAttributes = {
					CEE1A18D2151E42A00D23A9A = {
						CreatedOnToolsVersion = 9.4.1;
					};
				};
			};
			buildConfigurationList = CEE1A1892151E42A00D23A9A /* Build configuration list for PBXProject "NavigationControllerQuestion" */;
			compatibilityVersion = "Xcode 9.3";
			developmentRegion = en;
			hasScannedForEncodings = 0;
			knownRegions = (
				en,
				Base,
			);
			mainGroup = CEE1A1852151E42A00D23A9A;
			productRefGroup = CEE1A18F2151E42A00D23A9A /* Products */;
			projectDirPath = "";
			projectRoot = "";
			targets = (
				CEE1A18D2151E42A00D23A9A /* NavigationControllerQuestion */,
			);
		};
/* End PBXProject section */

/* Begin PBXResourcesBuildPhase section */
		CEE1A18C2151E42A00D23A9A /* Resources */ = {
			isa = PBXResourcesBuildPhase;
			buildActionMask = 2147483647;
			files = (
				CEE1A19C2151E42E00D23A9A /* LaunchScreen.storyboard in Resources */,
				CEE1A1992151E42E00D23A9A /* Assets.xcassets in Resources */,
				CEE1A1972151E42A00D23A9A /* Main.storyboard in Resources */,
			);
			runOnlyForDeploymentPostprocessing = 0;
		};
/* End PBXResourcesBuildPhase section */

/* Begin PBXSourcesBuildPhase section */
		CEE1A18A2151E42A00D23A9A /* Sources */ = {
			isa = PBXSourcesBuildPhase;
			buildActionMask = 2147483647;
			files = (
				CEE1A1942151E42A00D23A9A /* ViewController.swift in Sources */,
				CEE1A1A42151E4C500D23A9A /* Item.swift in Sources */,
				CEE1A1922151E42A00D23A9A /* AppDelegate.swift in Sources */,
				CEE1A1A62151E56300D23A9A /* TableViewController.swift in Sources */,
			);
			runOnlyForDeploymentPostprocessing = 0;
		};
/* End PBXSourcesBuildPhase section */

/* Begin PBXVariantGroup section */
		CEE1A1952151E42A00D23A9A /* Main.storyboard */ = {
			isa = PBXVariantGroup;
			children = (
				CEE1A1962151E42A00D23A9A /* Base */,
			);
			name = Main.storyboard;
			sourceTree = "<group>";
		};
		CEE1A19A2151E42E00D23A9A /* LaunchScreen.storyboard */ = {
			isa = PBXVariantGroup;
			children = (
				CEE1A19B2151E42E00D23A9A /* Base */,
			);
			name = LaunchScreen.storyboard;
			sourceTree = "<group>";
		};
/* End PBXVariantGroup section */

/* Begin XCBuildConfiguration section */
		CEE1A19E2151E42E00D23A9A /* Debug */ = {
			isa = XCBuildConfiguration;
			buildSettings = {
				ALWAYS_SEARCH_USER_PATHS = NO;
				CLANG_ANALYZER_NONNULL = YES;
				CLANG_ANALYZER_NUMBER_OBJECT_CONVERSION = YES_AGGRESSIVE;
				CLANG_CXX_LANGUAGE_STANDARD = "gnu++14";
				CLANG_CXX_LIBRARY = "libc++";
				CLANG_ENABLE_MODULES = YES;
				CLANG_ENABLE_OBJC_ARC = YES;
				CLANG_ENABLE_OBJC_WEAK = YES;
				CLANG_WARN_BLOCK_CAPTURE_AUTORELEASING = YES;
				CLANG_WARN_BOOL_CONVERSION = YES;
				CLANG_WARN_COMMA = YES;
				CLANG_WARN_CONSTANT_CONVERSION = YES;
				CLANG_WARN_DEPRECATED_OBJC_IMPLEMENTATIONS = YES;
				CLANG_WARN_DIRECT_OBJC_ISA_USAGE = YES_ERROR;
				CLANG_WARN_DOCUMENTATION_COMMENTS = YES;
				CLANG_WARN_EMPTY_BODY = YES;
				CLANG_WARN_ENUM_CONVERSION = YES;
				CLANG_WARN_INFINITE_RECURSION = YES;
				CLANG_WARN_INT_CONVERSION = YES;
				CLANG_WARN_NON_LITERAL_NULL_CONVERSION = YES;
				CLANG_WARN_OBJC_IMPLICIT_RETAIN_SELF = YES;
				CLANG_WARN_OBJC_LITERAL_CONVERSION = YES;
				CLANG_WARN_OBJC_ROOT_CLASS = YES_ERROR;
				CLANG_WARN_RANGE_LOOP_ANALYSIS = YES;
				CLANG_WARN_STRICT_PROTOTYPES = YES;
				CLANG_WARN_SUSPICIOUS_MOVE = YES;
				CLANG_WARN_UNGUARDED_AVAILABILITY = YES_AGGRESSIVE;
				CLANG_WARN_UNREACHABLE_CODE = YES;
				CLANG_WARN__DUPLICATE_METHOD_MATCH = YES;
				CODE_SIGN_IDENTITY = "iPhone Developer";
				COPY_PHASE_STRIP = NO;
				DEBUG_INFORMATION_FORMAT = dwarf;
				ENABLE_STRICT_OBJC_MSGSEND = YES;
				ENABLE_TESTABILITY = YES;
				GCC_C_LANGUAGE_STANDARD = gnu11;
				GCC_DYNAMIC_NO_PIC = NO;
				GCC_NO_COMMON_BLOCKS = YES;
				GCC_OPTIMIZATION_LEVEL = 0;
				GCC_PREPROCESSOR_DEFINITIONS = (
					"DEBUG=1",
					"$(inherited)",
				);
				GCC_WARN_64_TO_32_BIT_CONVERSION = YES;
				GCC_WARN_ABOUT_RETURN_TYPE = YES_ERROR;
				GCC_WARN_UNDECLARED_SELECTOR = YES;
				GCC_WARN_UNINITIALIZED_AUTOS = YES_AGGRESSIVE;
				GCC_WARN_UNUSED_FUNCTION = YES;
				GCC_WARN_UNUSED_VARIABLE = YES;
				IPHONEOS_DEPLOYMENT_TARGET = 11.4;
				MTL_ENABLE_DEBUG_INFO = YES;
				ONLY_ACTIVE_ARCH = YES;
				SDKROOT = iphoneos;
				SWIFT_ACTIVE_COMPILATION_CONDITIONS = DEBUG;
				SWIFT_OPTIMIZATION_LEVEL = "-Onone";
			};
			name = Debug;
		};
		CEE1A19F2151E42E00D23A9A /* Release */ = {
			isa = XCBuildConfiguration;
			buildSettings = {
				ALWAYS_SEARCH_USER_PATHS = NO;
				CLANG_ANALYZER_NONNULL = YES;
				CLANG_ANALYZER_NUMBER_OBJECT_CONVERSION = YES_AGGRESSIVE;
				CLANG_CXX_LANGUAGE_STANDARD = "gnu++14";
				CLANG_CXX_LIBRARY = "libc++";
				CLANG_ENABLE_MODULES = YES;
				CLANG_ENABLE_OBJC_ARC = YES;
				CLANG_ENABLE_OBJC_WEAK = YES;
				CLANG_WARN_BLOCK_CAPTURE_AUTORELEASING = YES;
				CLANG_WARN_BOOL_CONVERSION = YES;
				CLANG_WARN_COMMA = YES;
				CLANG_WARN_CONSTANT_CONVERSION = YES;
				CLANG_WARN_DEPRECATED_OBJC_IMPLEMENTATIONS = YES;
				CLANG_WARN_DIRECT_OBJC_ISA_USAGE = YES_ERROR;
				CLANG_WARN_DOCUMENTATION_COMMENTS = YES;
				CLANG_WARN_EMPTY_BODY = YES;
				CLANG_WARN_ENUM_CONVERSION = YES;
				CLANG_WARN_INFINITE_RECURSION = YES;
				CLANG_WARN_INT_CONVERSION = YES;
				CLANG_WARN_NON_LITERAL_NULL_CONVERSION = YES;
				CLANG_WARN_OBJC_IMPLICIT_RETAIN_SELF = YES;
				CLANG_WARN_OBJC_LITERAL_CONVERSION = YES;
				CLANG_WARN_OBJC_ROOT_CLASS = YES_ERROR;
				CLANG_WARN_RANGE_LOOP_ANALYSIS = YES;
				CLANG_WARN_STRICT_PROTOTYPES = YES;
				CLANG_WARN_SUSPICIOUS_MOVE = YES;
				CLANG_WARN_UNGUARDED_AVAILABILITY = YES_AGGRESSIVE;
				CLANG_WARN_UNREACHABLE_CODE = YES;
				CLANG_WARN__DUPLICATE_METHOD_MATCH = YES;
				CODE_SIGN_IDENTITY = "iPhone Developer";
				COPY_PHASE_STRIP = NO;
				DEBUG_INFORMATION_FORMAT = "dwarf-with-dsym";
				ENABLE_NS_ASSERTIONS = NO;
				ENABLE_STRICT_OBJC_MSGSEND = YES;
				GCC_C_LANGUAGE_STANDARD = gnu11;
				GCC_NO_COMMON_BLOCKS = YES;
				GCC_WARN_64_TO_32_BIT_CONVERSION = YES;
				GCC_WARN_ABOUT_RETURN_TYPE = YES_ERROR;
				GCC_WARN_UNDECLARED_SELECTOR = YES;
				GCC_WARN_UNINITIALIZED_AUTOS = YES_AGGRESSIVE;
				GCC_WARN_UNUSED_FUNCTION = YES;
				GCC_WARN_UNUSED_VARIABLE = YES;
				IPHONEOS_DEPLOYMENT_TARGET = 11.4;
				MTL_ENABLE_DEBUG_INFO = NO;
				SDKROOT = iphoneos;
				SWIFT_COMPILATION_MODE = wholemodule;
				SWIFT_OPTIMIZATION_LEVEL = "-O";
				VALIDATE_PRODUCT = YES;
			};
			name = Release;
		};
		CEE1A1A12151E42E00D23A9A /* Debug */ = {
			isa = XCBuildConfiguration;
			buildSettings = {
				ASSETCATALOG_COMPILER_APPICON_NAME = AppIcon;
				CODE_SIGN_STYLE = Automatic;
				INFOPLIST_FILE = NavigationControllerQuestion/Info.plist;
				LD_RUNPATH_SEARCH_PATHS = (
					"$(inherited)",
					"@executable_path/Frameworks",
				);
				PRODUCT_BUNDLE_IDENTIFIER = edu.self.NavigationControllerQuestion;
				PRODUCT_NAME = "$(TARGET_NAME)";
				SWIFT_VERSION = 4.0;
				TARGETED_DEVICE_FAMILY = "1,2";
			};
			name = Debug;
		};
		CEE1A1A22151E42E00D23A9A /* Release */ = {
			isa = XCBuildConfiguration;
			buildSettings = {
				ASSETCATALOG_COMPILER_APPICON_NAME = AppIcon;
				CODE_SIGN_STYLE = Automatic;
				INFOPLIST_FILE = NavigationControllerQuestion/Info.plist;
				LD_RUNPATH_SEARCH_PATHS = (
					"$(inherited)",
					"@executable_path/Frameworks",
				);
				PRODUCT_BUNDLE_IDENTIFIER = edu.self.NavigationControllerQuestion;
				PRODUCT_NAME = "$(TARGET_NAME)";
				SWIFT_VERSION = 4.0;
				TARGETED_DEVICE_FAMILY = "1,2";
			};
			name = Release;
		};
/* End XCBuildConfiguration section */

/* Begin XCConfigurationList section */
		CEE1A1892151E42A00D23A9A /* Build configuration list for PBXProject "NavigationControllerQuestion" */ = {
			isa = XCConfigurationList;
			buildConfigurations = (
				CEE1A19E2151E42E00D23A9A /* Debug */,
				CEE1A19F2151E42E00D23A9A /* Release */,
			);
			defaultConfigurationIsVisible = 0;
			defaultConfigurationName = Release;
		};
		CEE1A1A02151E42E00D23A9A /* Build configuration list for PBXNativeTarget "NavigationControllerQuestion" */ = {
			isa = XCConfigurationList;
			buildConfigurations = (
				CEE1A1A12151E42E00D23A9A /* Debug */,
				CEE1A1A22151E42E00D23A9A /* Release */,
			);
			defaultConfigurationIsVisible = 0;
			defaultConfigurationName = Release;
		};
/* End XCConfigurationList section */
	};
	rootObject = CEE1A1862151E42A00D23A9A /* Project object */;
}
